
Microsoft Visual Studio Solution File, Format Version 12.00
# Visual Studio 15
VisualStudioVersion = 15.0.28010.2036
MinimumVisualStudioVersion = 10.0.40219.1
Project("{FAE04EC0-301F-11D3-BF4B-00C04F79EFBC}") = "Assignment 1", "Assignment 1\Assignment 1.csproj", "{CD357304-2114-4E63-A06A-C94C1CBEF6F3}"
EndProject
Global
	GlobalSection(SolutionConfigurationPlatforms) = preSolution
		Debug|Any CPU = Debug|Any CPU
		Release|Any CPU = Release|Any CPU
	EndGlobalSection
	GlobalSection(ProjectConfigurationPlatforms) = postSolution
		{CD357304-2114-4E63-A06A-C94C1CBEF6F3}.Debug|Any CPU.ActiveCfg = Debug|Any CPU
		{CD357304-2114-4E63-A06A-C94C1CBEF6F3}.Debug|Any CPU.Build.0 = Debug|Any CPU
		{CD357304-2114-4E63-A06A-C94C1CBEF6F3}.Release|Any CPU.ActiveCfg = Release|Any CPU
		{CD357304-2114-4E63-A06A-C94C1CBEF6F3}.Release|Any CPU.Build.0 = Release|Any CPU
	EndGlobalSection
	GlobalSection(SolutionProperties) = preSolution
		HideSolutionNode = FALSE
	EndGlobalSection
	GlobalSection(ExtensibilityGlobals) = postSolution
		SolutionGuid = {3CCEA015-DC1B-49A6-B3F6-F6F1C21435EA}
	EndGlobalSection
EndGlobal
